
Microsoft Visual Studio Solution File, Format Version 12.00
# Visual Studio Version 17
VisualStudioVersion = 17.8.34408.163
MinimumVisualStudioVersion = 10.0.40219.1
Project("{FAE04EC0-301F-11D3-BF4B-00C04F79EFBC}") = "projetEpicerie", "projetEpicerie.csproj", "{F57057D2-DC83-4A09-B7F4-7CB7664546BF}"
EndProject
Global
	GlobalSection(SolutionConfigurationPlatforms) = preSolution
		Debug|Any CPU = Debug|Any CPU
		Release|Any CPU = Release|Any CPU
	EndGlobalSection
	GlobalSection(ProjectConfigurationPlatforms) = postSolution
		{F57057D2-DC83-4A09-B7F4-7CB7664546BF}.Debug|Any CPU.ActiveCfg = Debug|Any CPU
		{F57057D2-DC83-4A09-B7F4-7CB7664546BF}.Debug|Any CPU.Build.0 = Debug|Any CPU
		{F57057D2-DC83-4A09-B7F4-7CB7664546BF}.Release|Any CPU.ActiveCfg = Release|Any CPU
		{F57057D2-DC83-4A09-B7F4-7CB7664546BF}.Release|Any CPU.Build.0 = Release|Any CPU
	EndGlobalSection
	GlobalSection(SolutionProperties) = preSolution
		HideSolutionNode = FALSE
	EndGlobalSection
	GlobalSection(ExtensibilityGlobals) = postSolution
		SolutionGuid = {046DD7D8-E0DA-4B6F-AF32-11506D4878E7}
	EndGlobalSection
EndGlobal
